
Microsoft Visual Studio Solution File, Format Version 12.00
# Visual Studio 2013
Project("{FAE04EC0-301F-11D3-BF4B-00C04F79EFBC}") = "UnityVS.TreasureHunt.CSharp", "UnityVS.TreasureHunt.CSharp.csproj", "{19710D59-8D65-C838-6BED-39841FE87453}"
EndProject
Project("{FAE04EC0-301F-11D3-BF4B-00C04F79EFBC}") = "UnityVS.TreasureHunt.CSharp.Editor", "UnityVS.TreasureHunt.CSharp.Editor.csproj", "{2F86F7DF-2FFC-93BB-FF0C-B46F2DE484C9}"
EndProject
Global
	GlobalSection(SolutionConfigurationPlatforms) = preSolution
		Debug|Any CPU = Debug|Any CPU
		Release|Any CPU = Release|Any CPU
	EndGlobalSection
	GlobalSection(ProjectConfigurationPlatforms) = postSolution
		{19710D59-8D65-C838-6BED-39841FE87453}.Debug|Any CPU.ActiveCfg = Debug|Any CPU
		{19710D59-8D65-C838-6BED-39841FE87453}.Debug|Any CPU.Build.0 = Debug|Any CPU
		{19710D59-8D65-C838-6BED-39841FE87453}.Release|Any CPU.ActiveCfg = Release|Any CPU
		{19710D59-8D65-C838-6BED-39841FE87453}.Release|Any CPU.Build.0 = Release|Any CPU
		{2F86F7DF-2FFC-93BB-FF0C-B46F2DE484C9}.Debug|Any CPU.ActiveCfg = Debug|Any CPU
		{2F86F7DF-2FFC-93BB-FF0C-B46F2DE484C9}.Debug|Any CPU.Build.0 = Debug|Any CPU
		{2F86F7DF-2FFC-93BB-FF0C-B46F2DE484C9}.Release|Any CPU.ActiveCfg = Release|Any CPU
		{2F86F7DF-2FFC-93BB-FF0C-B46F2DE484C9}.Release|Any CPU.Build.0 = Release|Any CPU
	EndGlobalSection
	GlobalSection(SolutionProperties) = preSolution
		HideSolutionNode = FALSE
	EndGlobalSection
EndGlobal
